dependencies:
- name: common
  repository: https://charts.bitnami.com/bitnami
  version: 2.19.0
- name: someblackmagic-common
  repository: https://someblackmagic.github.io/helm-charts
  version: 0.2.1
digest: sha256:48846874494fd363bab3747b13e7b403fa6c1efca4e66203263e12560957e52c
generated: "2024-03-11T12:28:33.264055598+02:00"
