dependencies:
- name: common
  repository: https://charts.bitnami.com/bitnami
  version: 2.19.0
- name: someblackmagic-common
  repository: https://someblackmagic.github.io/helm-charts
  version: 0.2.1
digest: sha256:a2883b5bcca81da32abaf525b4fc3bcdfa9bd9bd05f71f44d91a979aab7d739a
generated: "2025-07-09T21:02:06.172820201+03:00"
