dependencies:
- name: common
  repository: https://charts.bitnami.com/bitnami
  version: 2.6.0
- name: someblackmagic-common
  repository: https://someblackmagic.github.io/helm-charts
  version: 0.2.1
digest: sha256:c95813d7d084200992acc9b5dfa962f96ae1b407f1334cb3463d47e588f2f59d
generated: "2025-07-10T07:57:34.188587306+03:00"
