dependencies:
- name: common
  repository: https://charts.bitnami.com/bitnami
  version: 2.30.0
- name: someblackmagic-common
  repository: https://someblackmagic.github.io/helm-charts
  version: 0.2.1
digest: sha256:a9808a8bb1bb9136938d877b89f10880707e4f2dd39e759fce8272479d69a417
generated: "2025-07-01T13:05:12.93466771+03:00"
