dependencies:
- name: common
  repository: https://charts.bitnami.com/bitnami
  version: 2.27.0
- name: someblackmagic-common
  repository: https://someblackmagic.github.io/helm-charts
  version: 0.2.1
- name: magda-common
  repository: oci://ghcr.io/magda-io/charts
  version: 1.0.0-alpha.0
digest: sha256:646e14ccbeb18b9a547fef4bc85954e7a2e2cb349692ff3fb50886e3f9cbb369
generated: "2025-03-05T10:57:57.468257606+02:00"
